
Microsoft Visual Studio Solution File, Format Version 12.00
# Visual Studio Version 17
VisualStudioVersion = 17.5.33530.505
MinimumVisualStudioVersion = 10.0.40219.1
Project("{FAE04EC0-301F-11D3-BF4B-00C04F79EFBC}") = "4_2", "4_2\4_2.csproj", "{A6FB5BAD-4FDF-40AC-B48B-A0480887B546}"
EndProject
Global
	GlobalSection(SolutionConfigurationPlatforms) = preSolution
		Debug|Any CPU = Debug|Any CPU
		Release|Any CPU = Release|Any CPU
	EndGlobalSection
	GlobalSection(ProjectConfigurationPlatforms) = postSolution
		{A6FB5BAD-4FDF-40AC-B48B-A0480887B546}.Debug|Any CPU.ActiveCfg = Debug|Any CPU
		{A6FB5BAD-4FDF-40AC-B48B-A0480887B546}.Debug|Any CPU.Build.0 = Debug|Any CPU
		{A6FB5BAD-4FDF-40AC-B48B-A0480887B546}.Release|Any CPU.ActiveCfg = Release|Any CPU
		{A6FB5BAD-4FDF-40AC-B48B-A0480887B546}.Release|Any CPU.Build.0 = Release|Any CPU
	EndGlobalSection
	GlobalSection(SolutionProperties) = preSolution
		HideSolutionNode = FALSE
	EndGlobalSection
	GlobalSection(ExtensibilityGlobals) = postSolution
		SolutionGuid = {635AA826-F479-4406-97FC-46458D5EA358}
	EndGlobalSection
EndGlobal
